
Microsoft Visual Studio Solution File, Format Version 12.00
# Visual Studio Version 17
VisualStudioVersion = 17.14.36301.6 d17.14
MinimumVisualStudioVersion = 10.0.40219.1
Project("{FAE04EC0-301F-11D3-BF4B-00C04F79EFBC}") = "MFO.Contracts", "MFO.Contracts.csproj", "{D88C7EFC-D08C-4F17-BB98-751420661419}"
EndProject
Global
	GlobalSection(SolutionConfigurationPlatforms) = preSolution
		Debug|Any CPU = Debug|Any CPU
		Release|Any CPU = Release|Any CPU
	EndGlobalSection
	GlobalSection(ProjectConfigurationPlatforms) = postSolution
		{D88C7EFC-D08C-4F17-BB98-751420661419}.Debug|Any CPU.ActiveCfg = Debug|Any CPU
		{D88C7EFC-D08C-4F17-BB98-751420661419}.Debug|Any CPU.Build.0 = Debug|Any CPU
		{D88C7EFC-D08C-4F17-BB98-751420661419}.Release|Any CPU.ActiveCfg = Release|Any CPU
		{D88C7EFC-D08C-4F17-BB98-751420661419}.Release|Any CPU.Build.0 = Release|Any CPU
	EndGlobalSection
	GlobalSection(SolutionProperties) = preSolution
		HideSolutionNode = FALSE
	EndGlobalSection
	GlobalSection(ExtensibilityGlobals) = postSolution
		SolutionGuid = {ABDA5EC7-BB12-42DD-BB08-2E6BB9F95E42}
	EndGlobalSection
EndGlobal
